
Microsoft Visual Studio Solution File, Format Version 12.00
# Visual Studio Version 17
VisualStudioVersion = 17.8.34330.188
MinimumVisualStudioVersion = 10.0.40219.1
Project("{9A19103F-16F7-4668-BE54-9A1E7A4F7556}") = "Auth.Models", "Auth.Models\Auth.Models.csproj", "{D74B65BB-9A15-4BB0-9503-2C717802FA12}"
EndProject
Project("{9A19103F-16F7-4668-BE54-9A1E7A4F7556}") = "Auth.Services", "Auth.Services\Auth.Services.csproj", "{F938D31A-AAD0-4667-BEA4-30AAEE310004}"
EndProject
Global
	GlobalSection(SolutionConfigurationPlatforms) = preSolution
		Debug|Any CPU = Debug|Any CPU
		Release|Any CPU = Release|Any CPU
	EndGlobalSection
	GlobalSection(ProjectConfigurationPlatforms) = postSolution
		{D74B65BB-9A15-4BB0-9503-2C717802FA12}.Debug|Any CPU.ActiveCfg = Debug|Any CPU
		{D74B65BB-9A15-4BB0-9503-2C717802FA12}.Debug|Any CPU.Build.0 = Debug|Any CPU
		{D74B65BB-9A15-4BB0-9503-2C717802FA12}.Release|Any CPU.ActiveCfg = Release|Any CPU
		{D74B65BB-9A15-4BB0-9503-2C717802FA12}.Release|Any CPU.Build.0 = Release|Any CPU
		{F938D31A-AAD0-4667-BEA4-30AAEE310004}.Debug|Any CPU.ActiveCfg = Debug|Any CPU
		{F938D31A-AAD0-4667-BEA4-30AAEE310004}.Debug|Any CPU.Build.0 = Debug|Any CPU
		{F938D31A-AAD0-4667-BEA4-30AAEE310004}.Release|Any CPU.ActiveCfg = Release|Any CPU
		{F938D31A-AAD0-4667-BEA4-30AAEE310004}.Release|Any CPU.Build.0 = Release|Any CPU
	EndGlobalSection
	GlobalSection(SolutionProperties) = preSolution
		HideSolutionNode = FALSE
	EndGlobalSection
	GlobalSection(ExtensibilityGlobals) = postSolution
		SolutionGuid = {0DAB68AF-7532-401A-9DC6-F54DDD3E9FFC}
	EndGlobalSection
EndGlobal
